dependencies:
- name: postgresql
  repository: https://charts.bitnami.com/bitnami
  version: 8.10.14
- name: geoserver
  repository: file://../geoserver
  version: 1.3.0
- name: solr
  repository: https://charts.bitnami.com/bitnami
  version: 2.0.9
digest: sha256:3e1a06de033af813e9649d6dc2ef5b732c4e84b04e49fe75f409a8809e66d8d8
generated: "2021-10-20T22:12:11.665498713Z"
