dependencies:
- name: postgresql
  repository: https://charts.bitnami.com/bitnami
  version: 8.10.14
- name: geoserver
  repository: file://../geoserver
  version: 1.2.0
- name: solr
  repository: https://charts.bitnami.com/bitnami
  version: 1.0.5
digest: sha256:8a457f54945a3c96c579cab306217c5139666156e847802c0658738bb08ffef3
generated: "2021-07-27T00:11:16.221026057Z"
