dependencies:
- name: postgresql
  repository: https://charts.bitnami.com/bitnami
  version: 8.7.3
- name: geoserver
  repository: file://../geoserver
  version: 0.4.0
- name: solr
  repository: https://kubernetes-charts-incubator.storage.googleapis.com
  version: 1.5.0
digest: sha256:b06334c623ba2b4bcd3dd50c373868f1583b5e26846536ad97d3883eed9c91a5
generated: "2020-05-21T15:43:26.873845246-07:00"
