dependencies:
- name: minio
  repository: https://raw.githubusercontent.com/bitnami/charts/archive-full-index/bitnami
  version: 11.10.26
- name: common
  repository: file://../common
  version: 0.1.0
digest: sha256:fb0ee3fa3800a027e4087f1bd5bc3a2d6ed9bdff7a2e4ef361cbee09efb5c29c
generated: "2023-03-09T19:11:55.896856699Z"
