dependencies:
- name: memcached
  repository: https://charts.bitnami.com/bitnami
  version: 5.12.1
- name: minio
  repository: https://charts.bitnami.com/bitnami
  version: 6.7.16
- name: postgresql
  repository: https://charts.bitnami.com/bitnami
  version: 9.8.12
- name: redis
  repository: https://charts.bitnami.com/bitnami
  version: 13.0.1
- name: solr
  repository: https://charts.bitnami.com/bitnami
  version: 0.3.3
digest: sha256:08447940760b4b53b478f5786998b20dda43a085a51ee01aea9b867d5f776d00
generated: "2021-06-02T19:56:42.696350534Z"
