dependencies:
- name: memcached
  repository: https://charts.bitnami.com/bitnami
  version: 5.8.0
- name: minio
  repository: https://charts.bitnami.com/bitnami
  version: 6.7.1
- name: postgresql
  repository: https://charts.bitnami.com/bitnami
  version: 9.8.12
- name: redis
  repository: https://charts.bitnami.com/bitnami
  version: 12.10.0
- name: solr
  repository: https://charts.bitnami.com/bitnami
  version: 0.3.0
digest: sha256:921bd360f5a4b96aebd5cffb65d6ca4a018b15bb95db6291d71ad8596e46f9c3
generated: "2021-04-01T23:09:36.840970954Z"
