dependencies:
- name: memcached
  repository: https://raw.githubusercontent.com/bitnami/charts/archive-full-index/bitnami
  version: 6.2.4
- name: minio
  repository: https://raw.githubusercontent.com/bitnami/charts/archive-full-index/bitnami
  version: 11.10.12
- name: postgresql
  repository: https://raw.githubusercontent.com/bitnami/charts/archive-full-index/bitnami
  version: 11.6.5
- name: redis
  repository: https://raw.githubusercontent.com/bitnami/charts/archive-full-index/bitnami
  version: 17.1.4
- name: solr
  repository: https://raw.githubusercontent.com/bitnami/charts/archive-full-index/bitnami
  version: 6.1.4
- name: common
  repository: file://../common
  version: 0.1.0
digest: sha256:67feb3a5cb5ec261dc3004f68bf21747b21fb74f89f1026a5b0cc4533621d168
generated: "2022-10-26T09:11:54.649266162Z"
