dependencies:
- name: solr
  repository: https://raw.githubusercontent.com/bitnami/charts/archive-full-index/bitnami
  version: 6.1.4
- name: postgresql
  repository: https://raw.githubusercontent.com/bitnami/charts/archive-full-index/bitnami
  version: 9.8.12
- name: common
  repository: file://../../common
  version: 0.1.0
digest: sha256:e9593b39a45e3af478f26c52efa3457d3c49da8c081a78a98797644ff99f98e1
generated: "2022-09-14T00:11:46.894220871Z"
