dependencies:
- name: solr
  repository: https://raw.githubusercontent.com/bitnami/charts/archive-full-index/bitnami
  version: 6.0.1
- name: postgresql
  repository: https://raw.githubusercontent.com/bitnami/charts/archive-full-index/bitnami
  version: 9.8.12
digest: sha256:e39f100f29480b86bbaa737065e0f5ce245f380eb06880c57b7298c1046409f5
generated: "2022-07-13T20:27:12.502072463-07:00"
