dependencies:
- name: solr
  repository: https://raw.githubusercontent.com/bitnami/charts/archive-full-index/bitnami
  version: 4.1.2
- name: postgresql
  repository: https://raw.githubusercontent.com/bitnami/charts/archive-full-index/bitnami
  version: 9.8.12
digest: sha256:7714d544aecece8310185388255862d717929825634a86ce4670c34223e23350
generated: "2022-06-24T10:17:56.550437751-07:00"
