dependencies:
- name: solr
  repository: https://lib-helm-repo.ucsd.edu/
  version: 1.0.0
- name: postgresql
  repository: https://kubernetes-charts.storage.googleapis.com/
  version: 3.18.0
digest: sha256:79e4db807fd6c81b74d702d7570140349c5c7367bcff6f7244f744a8d731501a
generated: 2019-04-16T12:52:48.783451907-07:00
