dependencies:
- name: solr
  repository: https://kubernetes-charts-incubator.storage.googleapis.com/
  version: 1.5.0
- name: postgresql
  repository: https://charts.bitnami.com/bitnami
  version: 8.7.3
digest: sha256:fec7da268d4751d583c7922c76de6e812e5f7579416a2b18d4deff303cd390a5
generated: 2020-05-08T16:49:43.514180522-07:00
