dependencies:
- name: solr
  repository: https://kubernetes-charts-incubator.storage.googleapis.com/
  version: 1.0.0
- name: postgresql
  repository: https://kubernetes-charts.storage.googleapis.com/
  version: 3.18.0
digest: sha256:db4c6d6ed639b31f5ae37f49079da7f2c4b21fee4b56374ba93d0bc74eaa9834
generated: 2019-05-16T10:14:46.590901798-07:00
