# THIS IS AN AUTOGENERATED FILE. DO NOT EDIT THIS FILE DIRECTLY.
# yarn lockfile v1


universalviewer@3.0.25:
  version "3.0.25"
  resolved "https://registry.yarnpkg.com/universalviewer/-/universalviewer-3.0.25.tgz#da81f4432b094deae944d15198f46ce27db6d34f"
  integrity sha512-pxCvPUxyNvDF0Fm/vDK0LC1oxCT+8EY2MOJnQUL6OOPbzGGui32ys3y3SHe3Qlpzhowz2xzgUhZYmZZqpyAo1g==
